# THIS IS AN AUTOGENERATED FILE. DO NOT EDIT THIS FILE DIRECTLY.
# yarn lockfile v1


node-fetch@^2.3.0:
  version "2.3.0"
  resolved "https://registry.yarnpkg.com/node-fetch/-/node-fetch-2.3.0.tgz#1a1d940bbfb916a1d3e0219f037e89e71f8c5fa5"
  integrity sha512-MOd8pV3fxENbryESLgVIeaGKrdl+uaYhCSSVkjeOb/31/njTpcis5aWfdqgNlHIrKOLRbMnfPINPOML2CIFeXA==

preact-render-to-string@^4.1.0:
  version "4.1.0"
  resolved "https://registry.yarnpkg.com/preact-render-to-string/-/preact-render-to-string-4.1.0.tgz#70d98a8385cb86558366c558aad7311ebecb881d"
  integrity sha512-FlFBJRxo8z4cp6VsDmeYjIEx4ZK2clFJnKIvIj8K1IQCRm7ZgJ/SZ1+BotT86/Nc+V1pNtFabHoUi6gpjx5Pug==
  dependencies:
    pretty-format "^3.8.0"

preact@^8.3.1:
  version "8.3.1"
  resolved "https://registry.yarnpkg.com/preact/-/preact-8.3.1.tgz#ed34f79d09edc5efd32a378a3416ef5dc531e3ac"
  integrity sha512-s8H1Y8O9e+mOBo3UP1jvWqArPmjCba2lrrGLlq/0kN1XuIINUbYtf97iiXKxCuG3eYwmppPKnyW2DBrNj/TuTg==

pretty-format@^3.8.0:
  version "3.8.0"
  resolved "https://registry.yarnpkg.com/pretty-format/-/pretty-format-3.8.0.tgz#bfbed56d5e9a776645f4b1ff7aa1a3ac4fa3c385"
  integrity sha1-v77VbV6ad2ZF9LH/eqGjrE+jw4U=
